
Microsoft Visual Studio Solution File, Format Version 12.00
# Visual Studio 2012
Project("{FAE04EC0-301F-11D3-BF4B-00C04F79EFBC}") = "Main", "Opdrachten\Main.csproj", "{5E925F03-7977-4563-A3E5-3030A8882F5D}"
EndProject
Project("{FAE04EC0-301F-11D3-BF4B-00C04F79EFBC}") = "Opdracht_week_1_Notebook", "Opdracht_week_1_Notebook\Opdracht_week_1_Notebook.csproj", "{3E0E5428-591A-456A-B012-2BD17C65AF2D}"
EndProject
Project("{FAE04EC0-301F-11D3-BF4B-00C04F79EFBC}") = "Opdracht_week_1_Robot", "Opdracht_week_1_Robot\Opdracht_week_1_Robot.csproj", "{F243BD73-8371-45FC-8A42-313DBF082061}"
EndProject
Project("{FAE04EC0-301F-11D3-BF4B-00C04F79EFBC}") = "Opdracht_week_1_Dambord", "Opdracht_week_1_Dambord\Opdracht_week_1_Dambord.csproj", "{D51EBAF7-1385-4244-8EF9-FACAD2C21712}"
EndProject
Project("{FAE04EC0-301F-11D3-BF4B-00C04F79EFBC}") = "Opdracht_week_2_Dambord_1_steen", "Opdracht_week_2_Dambord_1_steen\Opdracht_week_2_Dambord_1_steen.csproj", "{534C9BE7-438F-498F-9BA3-D69D2A9D8D62}"
EndProject
Global
	GlobalSection(SolutionConfigurationPlatforms) = preSolution
		Debug|Any CPU = Debug|Any CPU
		Release|Any CPU = Release|Any CPU
	EndGlobalSection
	GlobalSection(ProjectConfigurationPlatforms) = postSolution
		{5E925F03-7977-4563-A3E5-3030A8882F5D}.Debug|Any CPU.ActiveCfg = Debug|Any CPU
		{5E925F03-7977-4563-A3E5-3030A8882F5D}.Debug|Any CPU.Build.0 = Debug|Any CPU
		{5E925F03-7977-4563-A3E5-3030A8882F5D}.Release|Any CPU.ActiveCfg = Release|Any CPU
		{5E925F03-7977-4563-A3E5-3030A8882F5D}.Release|Any CPU.Build.0 = Release|Any CPU
		{3E0E5428-591A-456A-B012-2BD17C65AF2D}.Debug|Any CPU.ActiveCfg = Debug|Any CPU
		{3E0E5428-591A-456A-B012-2BD17C65AF2D}.Debug|Any CPU.Build.0 = Debug|Any CPU
		{3E0E5428-591A-456A-B012-2BD17C65AF2D}.Release|Any CPU.ActiveCfg = Release|Any CPU
		{3E0E5428-591A-456A-B012-2BD17C65AF2D}.Release|Any CPU.Build.0 = Release|Any CPU
		{F243BD73-8371-45FC-8A42-313DBF082061}.Debug|Any CPU.ActiveCfg = Debug|Any CPU
		{F243BD73-8371-45FC-8A42-313DBF082061}.Debug|Any CPU.Build.0 = Debug|Any CPU
		{F243BD73-8371-45FC-8A42-313DBF082061}.Release|Any CPU.ActiveCfg = Release|Any CPU
		{F243BD73-8371-45FC-8A42-313DBF082061}.Release|Any CPU.Build.0 = Release|Any CPU
		{D51EBAF7-1385-4244-8EF9-FACAD2C21712}.Debug|Any CPU.ActiveCfg = Debug|Any CPU
		{D51EBAF7-1385-4244-8EF9-FACAD2C21712}.Debug|Any CPU.Build.0 = Debug|Any CPU
		{D51EBAF7-1385-4244-8EF9-FACAD2C21712}.Release|Any CPU.ActiveCfg = Release|Any CPU
		{D51EBAF7-1385-4244-8EF9-FACAD2C21712}.Release|Any CPU.Build.0 = Release|Any CPU
		{534C9BE7-438F-498F-9BA3-D69D2A9D8D62}.Debug|Any CPU.ActiveCfg = Debug|Any CPU
		{534C9BE7-438F-498F-9BA3-D69D2A9D8D62}.Debug|Any CPU.Build.0 = Debug|Any CPU
		{534C9BE7-438F-498F-9BA3-D69D2A9D8D62}.Release|Any CPU.ActiveCfg = Release|Any CPU
		{534C9BE7-438F-498F-9BA3-D69D2A9D8D62}.Release|Any CPU.Build.0 = Release|Any CPU
	EndGlobalSection
EndGlobal
