
Microsoft Visual Studio Solution File, Format Version 12.00
# Visual Studio 2012
Project("{FAE04EC0-301F-11D3-BF4B-00C04F79EFBC}") = "Opdracht_week_1_Robot", "Opdrachten\Opdracht_week_1_Robot.csproj", "{5E925F03-7977-4563-A3E5-3030A8882F5D}"
EndProject
Global
	GlobalSection(SolutionConfigurationPlatforms) = preSolution
		Debug|Any CPU = Debug|Any CPU
		Release|Any CPU = Release|Any CPU
	EndGlobalSection
	GlobalSection(ProjectConfigurationPlatforms) = postSolution
		{5E925F03-7977-4563-A3E5-3030A8882F5D}.Debug|Any CPU.ActiveCfg = Debug|Any CPU
		{5E925F03-7977-4563-A3E5-3030A8882F5D}.Debug|Any CPU.Build.0 = Debug|Any CPU
		{5E925F03-7977-4563-A3E5-3030A8882F5D}.Release|Any CPU.ActiveCfg = Release|Any CPU
		{5E925F03-7977-4563-A3E5-3030A8882F5D}.Release|Any CPU.Build.0 = Release|Any CPU
	EndGlobalSection
EndGlobal
